
Microsoft Visual Studio Solution File, Format Version 12.00
# Visual Studio Version 16
VisualStudioVersion = 16.0.30611.23
MinimumVisualStudioVersion = 10.0.40219.1
Project("{FAE04EC0-301F-11D3-BF4B-00C04F79EFBC}") = "SalesWebMvc", "SalesWebMvc\SalesWebMvc.csproj", "{6CBD0F48-E339-45A5-827B-405B6AFF0AAA}"
EndProject
Global
	GlobalSection(SolutionConfigurationPlatforms) = preSolution
		Debug|Any CPU = Debug|Any CPU
		Release|Any CPU = Release|Any CPU
	EndGlobalSection
	GlobalSection(ProjectConfigurationPlatforms) = postSolution
		{6CBD0F48-E339-45A5-827B-405B6AFF0AAA}.Debug|Any CPU.ActiveCfg = Debug|Any CPU
		{6CBD0F48-E339-45A5-827B-405B6AFF0AAA}.Debug|Any CPU.Build.0 = Debug|Any CPU
		{6CBD0F48-E339-45A5-827B-405B6AFF0AAA}.Release|Any CPU.ActiveCfg = Release|Any CPU
		{6CBD0F48-E339-45A5-827B-405B6AFF0AAA}.Release|Any CPU.Build.0 = Release|Any CPU
	EndGlobalSection
	GlobalSection(SolutionProperties) = preSolution
		HideSolutionNode = FALSE
	EndGlobalSection
	GlobalSection(ExtensibilityGlobals) = postSolution
		SolutionGuid = {9ACA15A1-FD6B-4B60-8BF2-45231A4C9EBF}
	EndGlobalSection
EndGlobal
